
Microsoft Visual Studio Solution File, Format Version 12.00
# Visual Studio Version 17
VisualStudioVersion = 17.6.33712.159
MinimumVisualStudioVersion = 10.0.40219.1
Project("{2150E333-8FDC-42A3-9474-1A3956D46DE8}") = "Common", "Common", "{ABAADE99-9B27-41E4-97B5-995E7D61E71D}"
EndProject
Project("{9A19103F-16F7-4668-BE54-9A1E7A4F7556}") = "CryptoAxus.Common", "src\CryptoAxus.Common\CryptoAxus.Common.csproj", "{3309937A-194B-475F-BFA4-C2896E9D7319}"
EndProject
Project("{2150E333-8FDC-42A3-9474-1A3956D46DE8}") = "test", "test", "{F5B77BD8-5DF0-48A2-85BA-7106ABBB3F33}"
EndProject
Project("{2150E333-8FDC-42A3-9474-1A3956D46DE8}") = "src", "src", "{426BCB47-4C45-4196-BD66-FE48FB0A321C}"
EndProject
Project("{9A19103F-16F7-4668-BE54-9A1E7A4F7556}") = "CryptoAxus.Common.Test", "test\CryptoAxus.Common.Test\CryptoAxus.Common.Test.csproj", "{18AB3E17-2AE6-4F82-898A-ED0830660C70}"
EndProject
Project("{2150E333-8FDC-42A3-9474-1A3956D46DE8}") = "Application", "Application", "{75AD631B-1214-4FA4-9DA5-5375175090BD}"
EndProject
Project("{2150E333-8FDC-42A3-9474-1A3956D46DE8}") = "Domain", "Domain", "{6FFB4864-D0C7-4C31-8E93-3A2BEB3506B4}"
EndProject
Project("{2150E333-8FDC-42A3-9474-1A3956D46DE8}") = "Infrastructure", "Infrastructure", "{6F5272D6-78D6-4968-863F-FC5F3E49238E}"
EndProject
Project("{FAE04EC0-301F-11D3-BF4B-00C04F79EFBC}") = "CryptoAxus.Application", "src\CryptoAxus.Application\CryptoAxus.Application.csproj", "{FBD2A51B-0FE4-4C65-AEDA-AA2EF24B509D}"
EndProject
Project("{FAE04EC0-301F-11D3-BF4B-00C04F79EFBC}") = "CryptoAxus.Domain", "src\CryptoAxus.Domain\CryptoAxus.Domain.csproj", "{C6DCBEE5-912D-4594-B847-633C29E08933}"
EndProject
Project("{FAE04EC0-301F-11D3-BF4B-00C04F79EFBC}") = "CryptoAxus.Infrastructure", "src\CryptoAxus.Infrastructure\CryptoAxus.Infrastructure.csproj", "{792DADC0-9F7C-4CE5-A42A-2F37D6CEAF0E}"
EndProject
Global
	GlobalSection(SolutionConfigurationPlatforms) = preSolution
		Debug|Any CPU = Debug|Any CPU
		Release|Any CPU = Release|Any CPU
	EndGlobalSection
	GlobalSection(ProjectConfigurationPlatforms) = postSolution
		{3309937A-194B-475F-BFA4-C2896E9D7319}.Debug|Any CPU.ActiveCfg = Debug|Any CPU
		{3309937A-194B-475F-BFA4-C2896E9D7319}.Debug|Any CPU.Build.0 = Debug|Any CPU
		{3309937A-194B-475F-BFA4-C2896E9D7319}.Release|Any CPU.ActiveCfg = Release|Any CPU
		{3309937A-194B-475F-BFA4-C2896E9D7319}.Release|Any CPU.Build.0 = Release|Any CPU
		{18AB3E17-2AE6-4F82-898A-ED0830660C70}.Debug|Any CPU.ActiveCfg = Debug|Any CPU
		{18AB3E17-2AE6-4F82-898A-ED0830660C70}.Debug|Any CPU.Build.0 = Debug|Any CPU
		{18AB3E17-2AE6-4F82-898A-ED0830660C70}.Release|Any CPU.ActiveCfg = Release|Any CPU
		{18AB3E17-2AE6-4F82-898A-ED0830660C70}.Release|Any CPU.Build.0 = Release|Any CPU
		{FBD2A51B-0FE4-4C65-AEDA-AA2EF24B509D}.Debug|Any CPU.ActiveCfg = Debug|Any CPU
		{FBD2A51B-0FE4-4C65-AEDA-AA2EF24B509D}.Debug|Any CPU.Build.0 = Debug|Any CPU
		{FBD2A51B-0FE4-4C65-AEDA-AA2EF24B509D}.Release|Any CPU.ActiveCfg = Release|Any CPU
		{FBD2A51B-0FE4-4C65-AEDA-AA2EF24B509D}.Release|Any CPU.Build.0 = Release|Any CPU
		{C6DCBEE5-912D-4594-B847-633C29E08933}.Debug|Any CPU.ActiveCfg = Debug|Any CPU
		{C6DCBEE5-912D-4594-B847-633C29E08933}.Debug|Any CPU.Build.0 = Debug|Any CPU
		{C6DCBEE5-912D-4594-B847-633C29E08933}.Release|Any CPU.ActiveCfg = Release|Any CPU
		{C6DCBEE5-912D-4594-B847-633C29E08933}.Release|Any CPU.Build.0 = Release|Any CPU
		{792DADC0-9F7C-4CE5-A42A-2F37D6CEAF0E}.Debug|Any CPU.ActiveCfg = Debug|Any CPU
		{792DADC0-9F7C-4CE5-A42A-2F37D6CEAF0E}.Debug|Any CPU.Build.0 = Debug|Any CPU
		{792DADC0-9F7C-4CE5-A42A-2F37D6CEAF0E}.Release|Any CPU.ActiveCfg = Release|Any CPU
		{792DADC0-9F7C-4CE5-A42A-2F37D6CEAF0E}.Release|Any CPU.Build.0 = Release|Any CPU
	EndGlobalSection
	GlobalSection(SolutionProperties) = preSolution
		HideSolutionNode = FALSE
	EndGlobalSection
	GlobalSection(NestedProjects) = preSolution
		{ABAADE99-9B27-41E4-97B5-995E7D61E71D} = {426BCB47-4C45-4196-BD66-FE48FB0A321C}
		{3309937A-194B-475F-BFA4-C2896E9D7319} = {ABAADE99-9B27-41E4-97B5-995E7D61E71D}
		{18AB3E17-2AE6-4F82-898A-ED0830660C70} = {F5B77BD8-5DF0-48A2-85BA-7106ABBB3F33}
		{75AD631B-1214-4FA4-9DA5-5375175090BD} = {426BCB47-4C45-4196-BD66-FE48FB0A321C}
		{6FFB4864-D0C7-4C31-8E93-3A2BEB3506B4} = {426BCB47-4C45-4196-BD66-FE48FB0A321C}
		{6F5272D6-78D6-4968-863F-FC5F3E49238E} = {426BCB47-4C45-4196-BD66-FE48FB0A321C}
		{FBD2A51B-0FE4-4C65-AEDA-AA2EF24B509D} = {75AD631B-1214-4FA4-9DA5-5375175090BD}
		{C6DCBEE5-912D-4594-B847-633C29E08933} = {6FFB4864-D0C7-4C31-8E93-3A2BEB3506B4}
		{792DADC0-9F7C-4CE5-A42A-2F37D6CEAF0E} = {6F5272D6-78D6-4968-863F-FC5F3E49238E}
	EndGlobalSection
	GlobalSection(ExtensibilityGlobals) = postSolution
		SolutionGuid = {7213905C-C641-4981-8E20-826EEF137835}
	EndGlobalSection
EndGlobal
